[[package]]
category = "dev"
description = "Composable command line interface toolkit"
name = "click"
optional = false
python-versions = ">=2.7, !=3.0.*, !=3.1.*, !=3.2.*, !=3.3.*"
version = "7.0"

[[package]]
category = "dev"
description = "CMake is an open-source, cross-platform family of tools designed to build, test and package software"
name = "cmake"
optional = false
python-versions = "*"
version = "3.13.2.post1"

[[package]]
category = "dev"
description = ""
name = "incremental"
optional = false
python-versions = "*"
version = "17.5.0"

[[package]]
category = "main"
description = "A small but fast and easy to use stand-alone template engine written in pure python."
name = "jinja2"
optional = false
python-versions = "*"
version = "2.10"

[package.dependencies]
MarkupSafe = ">=0.23"

[[package]]
category = "main"
description = "Safely add untrusted strings to HTML/XML markup."
name = "markupsafe"
optional = false
python-versions = ">=2.7,!=3.0.*,!=3.1.*,!=3.2.*,!=3.3.*"
version = "1.1.0"

[[package]]
category = "dev"
description = "Ninja is a small build system with a focus on speed"
name = "ninja"
optional = false
python-versions = "*"
version = "1.8.2.post2"

[[package]]
category = "dev"
description = "Python Library for Tom's Obvious, Minimal Language"
name = "toml"
optional = false
python-versions = "*"
version = "0.10.0"

[[package]]
category = "dev"
description = "Building newsfiles for your project."
name = "towncrier"
optional = false
python-versions = "*"
version = "18.6.0"

[package.dependencies]
Click = "*"
incremental = "*"
jinja2 = "*"
toml = "*"

[metadata]
content-hash = "f9fa792faba265d0bc4fad97decbcd707eea135d8252d0af65d84b5e234d320a"
python-versions = "^3.5"

[metadata.hashes]
click = ["2335065e6395b9e67ca716de5f7526736bfa6ceead690adf616d925bdc622b13", "5b94b49521f6456670fdb30cd82a4eca9412788a93fa6dd6df72c94d5a8ff2d7"]
cmake = ["0484e085ef8a2bf6ab3d276785d50a6478b7de9a3668173a30454c49c4e73b4e", "07fa1a551cd9463e8b009bfbe275df49b717837fabe63fa19341b61f0cb2a51d", "132b2c0f152d285a6743419cbce8401d52f143d349c02ab17667600173c6b4c3", "1a1ccbd70b1c46ddb99f7f96540ca0c8dc87fb15757a9caf6e1c66b6d107656b", "1e37fb2e85323e281973a8ef63b7de6d86b6e384a2a21571ce981a26aeb733da", "1ef4f6985192a31effc1d14f920f4e9d98232bf5605da51f12b468b865aa254b", "2ccce7e661c1ee2f936b0d9ba7896821abc36f8877dcf40e106ee7fd03b1f602", "2d82738aaa9634681d21cd051ad3be35cf433c217409113071020eff379fa634", "6da45f28755f3b44cda51cb3bc67559a0a891d343cbd691c5d2618b622bd0103", "79ed736b0689c1ba34b0ac2d60e446ec718be1584b39956426d27d2dfd7a4329", "7a043df3c66531a021db6387a72ac8a5c578110fbe0893341605cfc459ac9e93", "7c194ce8b42b9079b11d61a04cade0a3d1b3baf63c55848c682c0131f0a3becf", "7e503114e15962721611a48b175400e48bd60eafd8a4648f30353aa43dcbbe09", "818543f30b834dd956f3cf2f599e5cb55afaed40069c81fbc3b751316aa36813", "8ad20c8e090b50228bff5cf4857f9407e571cb6728fdb05eb84b651f94bc0a4c", "92e5a74dbac9b768d3b9626276b34a86fb9f92ec580ebd4b22d6ea6f2d2a46dd", "9728ea7b6ae75c03a7e408271ebfb042570554cbb87e87b230b03c3f3be59bdf", "a3c49a41b6149e06ced506ed1e66deac2f8cc71e6bf899c9003cee7b19bc9624", "b45cc0f56f3f5705f4b4678ecf1f82e09c852c01cb3ffff43effdf8ffa323b1d", "ba18ff19afd7f515ded9c21e0b4ffac955f1d3a206b4f98f197598a2c24128e6", "bb2956322e506b813d40dd9b9dd027f2d2d320fa174c2656b556f5e9bf1165fc", "bced588917fca2d6564c5cb45059379878e941af91106a43217fed15cca10dbc", "bd5fbecb0a6a7b2edd400c042189589ec3f5c0b3303d632b7b21523e16c453af", "bf76621182748b2236fe5db045919cc39e9333dd7cb820898a6e88a73c401517", "c31487ce889f37016ba09030862888a466ea7ed2c8c7b5c12984d8ead9a656a6", "c8870dba94f6226330ba52edfc00d83704641641017c6e912b5cf3e246cd5192", "ee3997bee24218bdb5082d0030d6576a456772de22f9d1d4706825f117fb9db3", "fa90a5e7823c10c292eafeacc7f8db7ed099dd75e146ae3a1881d8edadeb062a"]
incremental = ["717e12246dddf231a349175f48d74d93e2897244939173b01974ab6661406b9f", "7b751696aaf36eebfab537e458929e194460051ccad279c72b755a167eebd4b3"]
jinja2 = ["74c935a1b8bb9a3947c50a54766a969d4846290e1e788ea44c1392163723c3bd", "f84be1bb0040caca4cea721fcbbbbd61f9be9464ca236387158b0feea01914a4"]
markupsafe = ["048ef924c1623740e70204aa7143ec592504045ae4429b59c30054cb31e3c432", "130f844e7f5bdd8e9f3f42e7102ef1d49b2e6fdf0d7526df3f87281a532d8c8b", "19f637c2ac5ae9da8bfd98cef74d64b7e1bb8a63038a3505cd182c3fac5eb4d9", "1b8a7a87ad1b92bd887568ce54b23565f3fd7018c4180136e1cf412b405a47af", "1c25694ca680b6919de53a4bb3bdd0602beafc63ff001fea2f2fc16ec3a11834", "1f19ef5d3908110e1e891deefb5586aae1b49a7440db952454b4e281b41620cd", "1fa6058938190ebe8290e5cae6c351e14e7bb44505c4a7624555ce57fbbeba0d", "31cbb1359e8c25f9f48e156e59e2eaad51cd5242c05ed18a8de6dbe85184e4b7", "3e835d8841ae7863f64e40e19477f7eb398674da6a47f09871673742531e6f4b", "4e97332c9ce444b0c2c38dd22ddc61c743eb208d916e4265a2a3b575bdccb1d3", "525396ee324ee2da82919f2ee9c9e73b012f23e7640131dd1b53a90206a0f09c", "52b07fbc32032c21ad4ab060fec137b76eb804c4b9a1c7c7dc562549306afad2", "52ccb45e77a1085ec5461cde794e1aa037df79f473cbc69b974e73940655c8d7", "5c3fbebd7de20ce93103cb3183b47671f2885307df4a17a0ad56a1dd51273d36", "5e5851969aea17660e55f6a3be00037a25b96a9b44d2083651812c99d53b14d1", "5edfa27b2d3eefa2210fb2f5d539fbed81722b49f083b2c6566455eb7422fd7e", "7d263e5770efddf465a9e31b78362d84d015cc894ca2c131901a4445eaa61ee1", "83381342bfc22b3c8c06f2dd93a505413888694302de25add756254beee8449c", "857eebb2c1dc60e4219ec8e98dfa19553dae33608237e107db9c6078b1167856", "98e439297f78fca3a6169fd330fbe88d78b3bb72f967ad9961bcac0d7fdd1550", "bf54103892a83c64db58125b3f2a43df6d2cb2d28889f14c78519394feb41492", "d9ac82be533394d341b41d78aca7ed0e0f4ba5a2231602e2f05aa87f25c51672", "e982fe07ede9fada6ff6705af70514a52beb1b2c3d25d4e873e82114cf3c5401", "edce2ea7f3dfc981c4ddc97add8a61381d9642dc3273737e756517cc03e84dd6", "efdc45ef1afc238db84cb4963aa689c0408912a0239b0721cb172b4016eb31d6", "f137c02498f8b935892d5c0172560d7ab54bc45039de8805075e19079c639a9c", "f82e347a72f955b7017a39708a3667f106e6ad4d10b25f237396a7115d8ed5fd", "fb7c206e01ad85ce57feeaaa0bf784b97fa3cad0d4a5737bc5295785f5c613a1"]
ninja = ["02d7bd6584960b7a20301cb88f39cc9541431364d96d912664e67073a950418a", "06779a9daafd548670fcf8214b2e281ba6ff4601f7e7273ba130ef942f8f3b68", "17964e0260a9f1955d6da6d28d61b0ab2b77bec57aed285850bbd149219c70e2", "21813708f38bf79da2bda33104e8373c84bafcfcb8929bad6dd39e37b0b0593d", "218569b21cfdb6a20d57d23601f16bfcbf1eb3c0458f7e707b565fde8f9fb830", "25415a3a596fbfacb8fb84ee54d7dc93ae9a6118ef39e9e7a456d7174a646ac7", "27eb542c79ee061e1a6aaea7c8efb8dee380ba40e099e5fb4d22d3f5cc417fb8", "2ae3ffa372876c6da4163ffea93290936aca2d5a5645468d62fc56e2653828ce", "3165406227fceee28160b5f387f3c5ed0a9eca5e0ccf738c29d6f938876156d3", "4f93da0a40034aff225822196104eebe19d17442699580e7eed16f5e1a992b70", "552cf3bd4623ff73b18f712d19f7dc5f0634fa126332a6bf8ddd3c4c1261bff0", "561837f85bc3fae8df5eb5f6c94ec9ffe44f98c920832e38b176d5b1d9fb01a4", "5ca3280405bb18199c500104cc747300bb1806f3a57d823dc629d8cb7d432405", "7e0f1fab26825bc4a635b08726e8d8d51893d4b6c26c74196e3f587bc81c1c25", "7febfc059407bf659c78962d891e7bbd6de454911ee320be828a11f34da0ed8a", "8546d84974c6976b717761cbbe832d0b0db50b71a5f9e65fc92d69970322390f", "94ff1a64c4e9e3f029ff4c6791b7b7be404ea318b4a7c64cbb3a6717896847a1", "992691f2ec2c255cad26ab5ab6f8f6d506b3a42d6c0f464aba3f7e6ba8bd2f7d", "999ebd50d33582aac413b0ef1def6be2f6edf6ffd04b66cf01ce15eade35d3d5", "ac027d1451c212c1d88d12067c6146317bf43d54d7e557f0d27e38893a928ded", "c2bb880738df98f7540abbac6a3ab888a2a7b0c09d457229121d69a40e0dd12f", "c800cc05b69c535d928224b376afb34ebdca562a028b0e6097b66a38e0395875", "c81a60770d8153e7899356b833dcf765c787b58e78ae70cb94d05746be0fded6", "e3590640343c08647641b06903a3af7076068bf6e8e4361c67edfa9829178f43", "e498f4f10b8c3374213149c67d8d9c2f6a4c987a1d3bba177a34e313f8a43a3c", "edbba2f2547b8ff2279387a3dfe81b25713a32804a8c19b994a4834885505026", "ee540cf952adefe9b8452bb83a928c52de1a05fd32f4bfd8a66c7426defeeedc", "ee8bd1b78fbef6b6ca827caa0bb661d2ed7f2936d261b21c656516d3ad78c538"]
toml = ["229f81c57791a41d65e399fc06bf0848bab550a9dfd5ed66df18ce5f05e73d5c", "235682dd292d5899d361a811df37e04a8828a5b1da3115886b73cf81ebc9100e", "f1db651f9657708513243e61e6cc67d101a39bad662eaa9b5546f789338e07a3"]
towncrier = ["3c0da1de042861df9030c0608d346d55cabe14cfa7cf04045f22b0af63eb8aa7", "cfde66ada782db9269407eaefb38562d3d2a4bc4d7647c0b2197ed184b869aae"]
